
Microsoft Visual Studio Solution File, Format Version 12.00
# Visual Studio 15
VisualStudioVersion = 15.0.27703.2000
MinimumVisualStudioVersion = 10.0.40219.1
Project("{FAE04EC0-301F-11D3-BF4B-00C04F79EFBC}") = "DLC.Multiagent", "DLC.Multiagent\DLC.Multiagent.csproj", "{7626F9F4-AB3B-434F-9971-6372E26CC283}"
EndProject
Project("{FAE04EC0-301F-11D3-BF4B-00C04F79EFBC}") = "DLC.Multiagent.DesktopApp", "DLC.Multiagent.DesktopApp\DLC.Multiagent.DesktopApp.csproj", "{AA8261ED-7435-4131-A2C0-4207DA029C0C}"
EndProject
Project("{FAE04EC0-301F-11D3-BF4B-00C04F79EFBC}") = "QbservableProvider", "QbservableProvider\QbservableProvider.csproj", "{60804EC8-C505-483B-979F-22A2444F3D89}"
EndProject
Project("{FAE04EC0-301F-11D3-BF4B-00C04F79EFBC}") = "Rxx", "Rxx\Rxx.csproj", "{FB211A82-8DBF-420B-9CA8-B894A84EA9EC}"
EndProject
Global
	GlobalSection(SolutionConfigurationPlatforms) = preSolution
		Debug|Any CPU = Debug|Any CPU
		Release|Any CPU = Release|Any CPU
	EndGlobalSection
	GlobalSection(ProjectConfigurationPlatforms) = postSolution
		{7626F9F4-AB3B-434F-9971-6372E26CC283}.Debug|Any CPU.ActiveCfg = Debug|Any CPU
		{7626F9F4-AB3B-434F-9971-6372E26CC283}.Debug|Any CPU.Build.0 = Debug|Any CPU
		{7626F9F4-AB3B-434F-9971-6372E26CC283}.Release|Any CPU.ActiveCfg = Release|Any CPU
		{7626F9F4-AB3B-434F-9971-6372E26CC283}.Release|Any CPU.Build.0 = Release|Any CPU
		{AA8261ED-7435-4131-A2C0-4207DA029C0C}.Debug|Any CPU.ActiveCfg = Debug|Any CPU
		{AA8261ED-7435-4131-A2C0-4207DA029C0C}.Debug|Any CPU.Build.0 = Debug|Any CPU
		{AA8261ED-7435-4131-A2C0-4207DA029C0C}.Release|Any CPU.ActiveCfg = Release|Any CPU
		{AA8261ED-7435-4131-A2C0-4207DA029C0C}.Release|Any CPU.Build.0 = Release|Any CPU
		{60804EC8-C505-483B-979F-22A2444F3D89}.Debug|Any CPU.ActiveCfg = Debug|Any CPU
		{60804EC8-C505-483B-979F-22A2444F3D89}.Debug|Any CPU.Build.0 = Debug|Any CPU
		{60804EC8-C505-483B-979F-22A2444F3D89}.Release|Any CPU.ActiveCfg = Release|Any CPU
		{60804EC8-C505-483B-979F-22A2444F3D89}.Release|Any CPU.Build.0 = Release|Any CPU
		{FB211A82-8DBF-420B-9CA8-B894A84EA9EC}.Debug|Any CPU.ActiveCfg = Debug|Any CPU
		{FB211A82-8DBF-420B-9CA8-B894A84EA9EC}.Debug|Any CPU.Build.0 = Debug|Any CPU
		{FB211A82-8DBF-420B-9CA8-B894A84EA9EC}.Release|Any CPU.ActiveCfg = Release|Any CPU
		{FB211A82-8DBF-420B-9CA8-B894A84EA9EC}.Release|Any CPU.Build.0 = Release|Any CPU
	EndGlobalSection
	GlobalSection(SolutionProperties) = preSolution
		HideSolutionNode = FALSE
	EndGlobalSection
	GlobalSection(ExtensibilityGlobals) = postSolution
		SolutionGuid = {5DA85EC0-8CC2-4DD0-900B-AF3570F3FD15}
	EndGlobalSection
EndGlobal
